
Microsoft Visual Studio Solution File, Format Version 12.00
# Visual Studio Version 16
VisualStudioVersion = 16.0.31129.286
MinimumVisualStudioVersion = 10.0.40219.1
Project("{9A19103F-16F7-4668-BE54-9A1E7A4F7556}") = "DZ1_1", "DZ1\DZ1_1.csproj", "{67EFFE57-B221-42F4-A716-917B443A9C51}"
EndProject
Project("{9A19103F-16F7-4668-BE54-9A1E7A4F7556}") = "DZ1_2", "DZ1_2\DZ1_2.csproj", "{A2E348A6-4308-4898-827B-307DA906A6D4}"
EndProject
Project("{9A19103F-16F7-4668-BE54-9A1E7A4F7556}") = "DZ1_3", "DZ1_3\DZ1_3.csproj", "{8B120CA5-1525-42FE-9D4A-4BEA41EA3C11}"
EndProject
Project("{9A19103F-16F7-4668-BE54-9A1E7A4F7556}") = "DZ2_1", "DZ2_1\DZ2_1.csproj", "{FA87F2ED-9F44-4EB8-A068-70705B0BD261}"
EndProject
Project("{9A19103F-16F7-4668-BE54-9A1E7A4F7556}") = "DZ2_2", "DZ2_2\DZ2_2.csproj", "{B423DA2C-5FFD-4EEF-A7ED-568B7822368D}"
EndProject
Project("{9A19103F-16F7-4668-BE54-9A1E7A4F7556}") = "DZ3", "DZ3\DZ3.csproj", "{7DC8BF2E-A50A-46A1-9303-2D12D0BE0BFA}"
EndProject
Project("{9A19103F-16F7-4668-BE54-9A1E7A4F7556}") = "DZ4_1", "DZ4_1\DZ4_1.csproj", "{542525D3-A917-4DDC-8FE2-11EEE55C0EDA}"
EndProject
Project("{9A19103F-16F7-4668-BE54-9A1E7A4F7556}") = "DZ4_2", "DZ4_2\DZ4_2.csproj", "{8199A486-DFC1-4149-B50A-8EF4F89CBBEF}"
EndProject
Project("{FAE04EC0-301F-11D3-BF4B-00C04F79EFBC}") = "DZ5", "DZ5\DZ5.csproj", "{72752180-EE2C-4C4F-A4AE-7AE8E488652C}"
EndProject
Global
	GlobalSection(SolutionConfigurationPlatforms) = preSolution
		Debug|Any CPU = Debug|Any CPU
		Release|Any CPU = Release|Any CPU
	EndGlobalSection
	GlobalSection(ProjectConfigurationPlatforms) = postSolution
		{67EFFE57-B221-42F4-A716-917B443A9C51}.Debug|Any CPU.ActiveCfg = Debug|Any CPU
		{67EFFE57-B221-42F4-A716-917B443A9C51}.Debug|Any CPU.Build.0 = Debug|Any CPU
		{67EFFE57-B221-42F4-A716-917B443A9C51}.Release|Any CPU.ActiveCfg = Release|Any CPU
		{67EFFE57-B221-42F4-A716-917B443A9C51}.Release|Any CPU.Build.0 = Release|Any CPU
		{A2E348A6-4308-4898-827B-307DA906A6D4}.Debug|Any CPU.ActiveCfg = Debug|Any CPU
		{A2E348A6-4308-4898-827B-307DA906A6D4}.Debug|Any CPU.Build.0 = Debug|Any CPU
		{A2E348A6-4308-4898-827B-307DA906A6D4}.Release|Any CPU.ActiveCfg = Release|Any CPU
		{A2E348A6-4308-4898-827B-307DA906A6D4}.Release|Any CPU.Build.0 = Release|Any CPU
		{8B120CA5-1525-42FE-9D4A-4BEA41EA3C11}.Debug|Any CPU.ActiveCfg = Debug|Any CPU
		{8B120CA5-1525-42FE-9D4A-4BEA41EA3C11}.Debug|Any CPU.Build.0 = Debug|Any CPU
		{8B120CA5-1525-42FE-9D4A-4BEA41EA3C11}.Release|Any CPU.ActiveCfg = Release|Any CPU
		{8B120CA5-1525-42FE-9D4A-4BEA41EA3C11}.Release|Any CPU.Build.0 = Release|Any CPU
		{FA87F2ED-9F44-4EB8-A068-70705B0BD261}.Debug|Any CPU.ActiveCfg = Debug|Any CPU
		{FA87F2ED-9F44-4EB8-A068-70705B0BD261}.Debug|Any CPU.Build.0 = Debug|Any CPU
		{FA87F2ED-9F44-4EB8-A068-70705B0BD261}.Release|Any CPU.ActiveCfg = Release|Any CPU
		{FA87F2ED-9F44-4EB8-A068-70705B0BD261}.Release|Any CPU.Build.0 = Release|Any CPU
		{B423DA2C-5FFD-4EEF-A7ED-568B7822368D}.Debug|Any CPU.ActiveCfg = Debug|Any CPU
		{B423DA2C-5FFD-4EEF-A7ED-568B7822368D}.Debug|Any CPU.Build.0 = Debug|Any CPU
		{B423DA2C-5FFD-4EEF-A7ED-568B7822368D}.Release|Any CPU.ActiveCfg = Release|Any CPU
		{B423DA2C-5FFD-4EEF-A7ED-568B7822368D}.Release|Any CPU.Build.0 = Release|Any CPU
		{7DC8BF2E-A50A-46A1-9303-2D12D0BE0BFA}.Debug|Any CPU.ActiveCfg = Debug|Any CPU
		{7DC8BF2E-A50A-46A1-9303-2D12D0BE0BFA}.Debug|Any CPU.Build.0 = Debug|Any CPU
		{7DC8BF2E-A50A-46A1-9303-2D12D0BE0BFA}.Release|Any CPU.ActiveCfg = Release|Any CPU
		{7DC8BF2E-A50A-46A1-9303-2D12D0BE0BFA}.Release|Any CPU.Build.0 = Release|Any CPU
		{542525D3-A917-4DDC-8FE2-11EEE55C0EDA}.Debug|Any CPU.ActiveCfg = Debug|Any CPU
		{542525D3-A917-4DDC-8FE2-11EEE55C0EDA}.Debug|Any CPU.Build.0 = Debug|Any CPU
		{542525D3-A917-4DDC-8FE2-11EEE55C0EDA}.Release|Any CPU.ActiveCfg = Release|Any CPU
		{542525D3-A917-4DDC-8FE2-11EEE55C0EDA}.Release|Any CPU.Build.0 = Release|Any CPU
		{8199A486-DFC1-4149-B50A-8EF4F89CBBEF}.Debug|Any CPU.ActiveCfg = Debug|Any CPU
		{8199A486-DFC1-4149-B50A-8EF4F89CBBEF}.Debug|Any CPU.Build.0 = Debug|Any CPU
		{8199A486-DFC1-4149-B50A-8EF4F89CBBEF}.Release|Any CPU.ActiveCfg = Release|Any CPU
		{8199A486-DFC1-4149-B50A-8EF4F89CBBEF}.Release|Any CPU.Build.0 = Release|Any CPU
		{72752180-EE2C-4C4F-A4AE-7AE8E488652C}.Debug|Any CPU.ActiveCfg = Debug|Any CPU
		{72752180-EE2C-4C4F-A4AE-7AE8E488652C}.Debug|Any CPU.Build.0 = Debug|Any CPU
		{72752180-EE2C-4C4F-A4AE-7AE8E488652C}.Release|Any CPU.ActiveCfg = Release|Any CPU
		{72752180-EE2C-4C4F-A4AE-7AE8E488652C}.Release|Any CPU.Build.0 = Release|Any CPU
	EndGlobalSection
	GlobalSection(SolutionProperties) = preSolution
		HideSolutionNode = FALSE
	EndGlobalSection
	GlobalSection(ExtensibilityGlobals) = postSolution
		SolutionGuid = {40B6C203-5E7B-46AD-8D1D-20B408E1DC6A}
	EndGlobalSection
EndGlobal
